// !$*UTF8*$!
{
	archiveVersion = 1;
	classes = {
	};
	objectVersion = 50;
	objects = {

/* Begin PBXBuildFile section */
		4718704B257AA63900CDC923 /* WeatherButton.swift in Sources */ = {isa = PBXBuildFile; fileRef = 4718704A257AA63900CDC923 /* WeatherButton.swift */; };
		4718704F257AAD4600CDC923 /* Weather.swift in Sources */ = {isa = PBXBuildFile; fileRef = 4718704E257AAD4600CDC923 /* Weather.swift */; };
		4769CB9C257BD7F00082DF2F /* LandMarkDetail.swift in Sources */ = {isa = PBXBuildFile; fileRef = 4769CB9B257BD7F00082DF2F /* LandMarkDetail.swift */; };
		4769CB9F257BDB480082DF2F /* CircleImage.swift in Sources */ = {isa = PBXBuildFile; fileRef = 4769CB9E257BDB480082DF2F /* CircleImage.swift */; };
		4769CBA2257BDCD90082DF2F /* MapView.swift in Sources */ = {isa = PBXBuildFile; fileRef = 4769CBA1257BDCD90082DF2F /* MapView.swift */; };
		4769CBB8257BE3DE0082DF2F /* stmarylake.jpg in Resources */ = {isa = PBXBuildFile; fileRef = 4769CBAB257BE3DD0082DF2F /* stmarylake.jpg */; };
		4769CBB9257BE3DE0082DF2F /* lakemcdonald.jpg in Resources */ = {isa = PBXBuildFile; fileRef = 4769CBAC257BE3DD0082DF2F /* lakemcdonald.jpg */; };
		4769CBBA257BE3DE0082DF2F /* chilkoottrail.jpg in Resources */ = {isa = PBXBuildFile; fileRef = 4769CBAD257BE3DD0082DF2F /* chilkoottrail.jpg */; };
		4769CBBB257BE3DE0082DF2F /* twinlake.jpg in Resources */ = {isa = PBXBuildFile; fileRef = 4769CBAE257BE3DD0082DF2F /* twinlake.jpg */; };
		4769CBBC257BE3DE0082DF2F /* turtlerock.jpg in Resources */ = {isa = PBXBuildFile; fileRef = 4769CBAF257BE3DD0082DF2F /* turtlerock.jpg */; };
		4769CBBD257BE3DE0082DF2F /* landmarkData.json in Resources */ = {isa = PBXBuildFile; fileRef = 4769CBB0257BE3DD0082DF2F /* landmarkData.json */; };
		4769CBBE257BE3DE0082DF2F /* icybay.jpg in Resources */ = {isa = PBXBuildFile; fileRef = 4769CBB1257BE3DD0082DF2F /* icybay.jpg */; };
		4769CBBF257BE3DE0082DF2F /* yukon_charleyrivers.jpg in Resources */ = {isa = PBXBuildFile; fileRef = 4769CBB2257BE3DD0082DF2F /* yukon_charleyrivers.jpg */; };
		4769CBC0257BE3DE0082DF2F /* rainbowlake.jpg in Resources */ = {isa = PBXBuildFile; fileRef = 4769CBB3257BE3DD0082DF2F /* rainbowlake.jpg */; };
		4769CBC1257BE3DE0082DF2F /* chincoteague.jpg in Resources */ = {isa = PBXBuildFile; fileRef = 4769CBB4257BE3DD0082DF2F /* chincoteague.jpg */; };
		4769CBC2257BE3DE0082DF2F /* umbagog.jpg in Resources */ = {isa = PBXBuildFile; fileRef = 4769CBB5257BE3DD0082DF2F /* umbagog.jpg */; };
		4769CBC3257BE3DE0082DF2F /* silversalmoncreek.jpg in Resources */ = {isa = PBXBuildFile; fileRef = 4769CBB6257BE3DD0082DF2F /* silversalmoncreek.jpg */; };
		4769CBC4257BE3DE0082DF2F /* hiddenlake.jpg in Resources */ = {isa = PBXBuildFile; fileRef = 4769CBB7257BE3DE0082DF2F /* hiddenlake.jpg */; };
		4769CBCB257BE49D0082DF2F /* Data.swift in Sources */ = {isa = PBXBuildFile; fileRef = 4769CBCA257BE49D0082DF2F /* Data.swift */; };
		4769CBCF257BE4BD0082DF2F /* LandMark.swift in Sources */ = {isa = PBXBuildFile; fileRef = 4769CBCE257BE4BD0082DF2F /* LandMark.swift */; };
		47E2A1A82578D02F007952C8 /* SwiftUI_WeatherApp.swift in Sources */ = {isa = PBXBuildFile; fileRef = 47E2A1A72578D02F007952C8 /* SwiftUI_WeatherApp.swift */; };
		47E2A1AA2578D02F007952C8 /* ContentView.swift in Sources */ = {isa = PBXBuildFile; fileRef = 47E2A1A92578D02F007952C8 /* ContentView.swift */; };
		47E2A1AC2578D031007952C8 /* Assets.xcassets in Resources */ = {isa = PBXBuildFile; fileRef = 47E2A1AB2578D031007952C8 /* Assets.xcassets */; };
		47E2A1AF2578D031007952C8 /* Preview Assets.xcassets in Resources */ = {isa = PBXBuildFile; fileRef = 47E2A1AE2578D031007952C8 /* Preview Assets.xcassets */; };
/* End PBXBuildFile section */

/* Begin PBXFileReference section */
		4718704A257AA63900CDC923 /* WeatherButton.swift */ = {isa = PBXFileReference; lastKnownFileType = sourcecode.swift; path = WeatherButton.swift; sourceTree = "<group>"; };
		4718704E257AAD4600CDC923 /* Weather.swift */ = {isa = PBXFileReference; lastKnownFileType = sourcecode.swift; path = Weather.swift; sourceTree = "<group>"; };
		4769CB9B257BD7F00082DF2F /* LandMarkDetail.swift */ = {isa = PBXFileReference; lastKnownFileType = sourcecode.swift; path = LandMarkDetail.swift; sourceTree = "<group>"; };
		4769CB9E257BDB480082DF2F /* CircleImage.swift */ = {isa = PBXFileReference; lastKnownFileType = sourcecode.swift; path = CircleImage.swift; sourceTree = "<group>"; };
		4769CBA1257BDCD90082DF2F /* MapView.swift */ = {isa = PBXFileReference; lastKnownFileType = sourcecode.swift; path = MapView.swift; sourceTree = "<group>"; };
		4769CBAB257BE3DD0082DF2F /* stmarylake.jpg */ = {isa = PBXFileReference; lastKnownFileType = image.jpeg; path = stmarylake.jpg; sourceTree = "<group>"; };
		4769CBAC257BE3DD0082DF2F /* lakemcdonald.jpg */ = {isa = PBXFileReference; lastKnownFileType = image.jpeg; path = lakemcdonald.jpg; sourceTree = "<group>"; };
		4769CBAD257BE3DD0082DF2F /* chilkoottrail.jpg */ = {isa = PBXFileReference; lastKnownFileType = image.jpeg; path = chilkoottrail.jpg; sourceTree = "<group>"; };
		4769CBAE257BE3DD0082DF2F /* twinlake.jpg */ = {isa = PBXFileReference; lastKnownFileType = image.jpeg; path = twinlake.jpg; sourceTree = "<group>"; };
		4769CBAF257BE3DD0082DF2F /* turtlerock.jpg */ = {isa = PBXFileReference; lastKnownFileType = image.jpeg; path = turtlerock.jpg; sourceTree = "<group>"; };
		4769CBB0257BE3DD0082DF2F /* landmarkData.json */ = {isa = PBXFileReference; fileEncoding = 4; lastKnownFileType = text.json; path = landmarkData.json; sourceTree = "<group>"; };
		4769CBB1257BE3DD0082DF2F /* icybay.jpg */ = {isa = PBXFileReference; lastKnownFileType = image.jpeg; path = icybay.jpg; sourceTree = "<group>"; };
		4769CBB2257BE3DD0082DF2F /* yukon_charleyrivers.jpg */ = {isa = PBXFileReference; lastKnownFileType = image.jpeg; path = yukon_charleyrivers.jpg; sourceTree = "<group>"; };
		4769CBB3257BE3DD0082DF2F /* rainbowlake.jpg */ = {isa = PBXFileReference; lastKnownFileType = image.jpeg; path = rainbowlake.jpg; sourceTree = "<group>"; };
		4769CBB4257BE3DD0082DF2F /* chincoteague.jpg */ = {isa = PBXFileReference; lastKnownFileType = image.jpeg; path = chincoteague.jpg; sourceTree = "<group>"; };
		4769CBB5257BE3DD0082DF2F /* umbagog.jpg */ = {isa = PBXFileReference; lastKnownFileType = image.jpeg; path = umbagog.jpg; sourceTree = "<group>"; };
		4769CBB6257BE3DD0082DF2F /* silversalmoncreek.jpg */ = {isa = PBXFileReference; lastKnownFileType = image.jpeg; path = silversalmoncreek.jpg; sourceTree = "<group>"; };
		4769CBB7257BE3DE0082DF2F /* hiddenlake.jpg */ = {isa = PBXFileReference; lastKnownFileType = image.jpeg; path = hiddenlake.jpg; sourceTree = "<group>"; };
		4769CBCA257BE49D0082DF2F /* Data.swift */ = {isa = PBXFileReference; lastKnownFileType = sourcecode.swift; path = Data.swift; sourceTree = "<group>"; };
		4769CBCE257BE4BD0082DF2F /* LandMark.swift */ = {isa = PBXFileReference; lastKnownFileType = sourcecode.swift; path = LandMark.swift; sourceTree = "<group>"; };
		47E2A1A42578D02F007952C8 /* SwiftUI-Weather.app */ = {isa = PBXFileReference; explicitFileType = wrapper.application; includeInIndex = 0; path = "SwiftUI-Weather.app"; sourceTree = BUILT_PRODUCTS_DIR; };
		47E2A1A72578D02F007952C8 /* SwiftUI_WeatherApp.swift */ = {isa = PBXFileReference; lastKnownFileType = sourcecode.swift; path = SwiftUI_WeatherApp.swift; sourceTree = "<group>"; };
		47E2A1A92578D02F007952C8 /* ContentView.swift */ = {isa = PBXFileReference; lastKnownFileType = sourcecode.swift; path = ContentView.swift; sourceTree = "<group>"; };
		47E2A1AB2578D031007952C8 /* Assets.xcassets */ = {isa = PBXFileReference; lastKnownFileType = folder.assetcatalog; path = Assets.xcassets; sourceTree = "<group>"; };
		47E2A1AE2578D031007952C8 /* Preview Assets.xcassets */ = {isa = PBXFileReference; lastKnownFileType = folder.assetcatalog; path = "Preview Assets.xcassets"; sourceTree = "<group>"; };
		47E2A1B02578D031007952C8 /* Info.plist */ = {isa = PBXFileReference; lastKnownFileType = text.plist.xml; path = Info.plist; sourceTree = "<group>"; };
/* End PBXFileReference section */

/* Begin PBXFrameworksBuildPhase section */
		47E2A1A12578D02F007952C8 /* Frameworks */ = {
			isa = PBXFrameworksBuildPhase;
			buildActionMask = 2147483647;
			files = (
			);
			runOnlyForDeploymentPostprocessing = 0;
		};
/* End PBXFrameworksBuildPhase section */

/* Begin PBXGroup section */
		4718704D257AAD2B00CDC923 /* Models */ = {
			isa = PBXGroup;
			children = (
				4718704E257AAD4600CDC923 /* Weather.swift */,
				4769CBCA257BE49D0082DF2F /* Data.swift */,
				4769CBCE257BE4BD0082DF2F /* LandMark.swift */,
			);
			path = Models;
			sourceTree = "<group>";
		};
		4769CBA9257BE39F0082DF2F /* Supporting Views */ = {
			isa = PBXGroup;
			children = (
				4718704A257AA63900CDC923 /* WeatherButton.swift */,
				4769CB9E257BDB480082DF2F /* CircleImage.swift */,
				4769CBA1257BDCD90082DF2F /* MapView.swift */,
			);
			path = "Supporting Views";
			sourceTree = "<group>";
		};
		4769CBAA257BE3C80082DF2F /* Resources */ = {
			isa = PBXGroup;
			children = (
				4769CBAD257BE3DD0082DF2F /* chilkoottrail.jpg */,
				4769CBB4257BE3DD0082DF2F /* chincoteague.jpg */,
				4769CBB7257BE3DE0082DF2F /* hiddenlake.jpg */,
				4769CBB1257BE3DD0082DF2F /* icybay.jpg */,
				4769CBAC257BE3DD0082DF2F /* lakemcdonald.jpg */,
				4769CBB0257BE3DD0082DF2F /* landmarkData.json */,
				4769CBB3257BE3DD0082DF2F /* rainbowlake.jpg */,
				4769CBB6257BE3DD0082DF2F /* silversalmoncreek.jpg */,
				4769CBAB257BE3DD0082DF2F /* stmarylake.jpg */,
				4769CBAF257BE3DD0082DF2F /* turtlerock.jpg */,
				4769CBAE257BE3DD0082DF2F /* twinlake.jpg */,
				4769CBB5257BE3DD0082DF2F /* umbagog.jpg */,
				4769CBB2257BE3DD0082DF2F /* yukon_charleyrivers.jpg */,
			);
			path = Resources;
			sourceTree = "<group>";
		};
		47E2A19B2578D02F007952C8 = {
			isa = PBXGroup;
			children = (
				47E2A1A62578D02F007952C8 /* SwiftUI-Weather */,
				47E2A1A52578D02F007952C8 /* Products */,
			);
			sourceTree = "<group>";
		};
		47E2A1A52578D02F007952C8 /* Products */ = {
			isa = PBXGroup;
			children = (
				47E2A1A42578D02F007952C8 /* SwiftUI-Weather.app */,
			);
			name = Products;
			sourceTree = "<group>";
		};
		47E2A1A62578D02F007952C8 /* SwiftUI-Weather */ = {
			isa = PBXGroup;
			children = (
				4718704D257AAD2B00CDC923 /* Models */,
				4769CBAA257BE3C80082DF2F /* Resources */,
				4769CBA9257BE39F0082DF2F /* Supporting Views */,
				47E2A1A72578D02F007952C8 /* SwiftUI_WeatherApp.swift */,
				47E2A1A92578D02F007952C8 /* ContentView.swift */,
				47E2A1AB2578D031007952C8 /* Assets.xcassets */,
				47E2A1B02578D031007952C8 /* Info.plist */,
				47E2A1AD2578D031007952C8 /* Preview Content */,
				4769CB9B257BD7F00082DF2F /* LandMarkDetail.swift */,
			);
			path = "SwiftUI-Weather";
			sourceTree = "<group>";
		};
		47E2A1AD2578D031007952C8 /* Preview Content */ = {
			isa = PBXGroup;
			children = (
				47E2A1AE2578D031007952C8 /* Preview Assets.xcassets */,
			);
			path = "Preview Content";
			sourceTree = "<group>";
		};
/* End PBXGroup section */

/* Begin PBXNativeTarget section */
		47E2A1A32578D02F007952C8 /* SwiftUI-Weather */ = {
			isa = PBXNativeTarget;
			buildConfigurationList = 47E2A1B32578D031007952C8 /* Build configuration list for PBXNativeTarget "SwiftUI-Weather" */;
			buildPhases = (
				47E2A1A02578D02F007952C8 /* Sources */,
				47E2A1A12578D02F007952C8 /* Frameworks */,
				47E2A1A22578D02F007952C8 /* Resources */,
			);
			buildRules = (
			);
			dependencies = (
			);
			name = "SwiftUI-Weather";
			productName = "SwiftUI-Weather";
			productReference = 47E2A1A42578D02F007952C8 /* SwiftUI-Weather.app */;
			productType = "com.apple.product-type.application";
		};
/* End PBXNativeTarget section */

/* Begin PBXProject section */
		47E2A19C2578D02F007952C8 /* Project object */ = {
			isa = PBXProject;
			attributes = {
				LastSwiftUpdateCheck = 1220;
				LastUpgradeCheck = 1220;
				TargetAttributes = {
					47E2A1A32578D02F007952C8 = {
						CreatedOnToolsVersion = 12.2;
					};
				};
			};
			buildConfigurationList = 47E2A19F2578D02F007952C8 /* Build configuration list for PBXProject "SwiftUI-Weather" */;
			compatibilityVersion = "Xcode 9.3";
			developmentRegion = en;
			hasScannedForEncodings = 0;
			knownRegions = (
				en,
				Base,
			);
			mainGroup = 47E2A19B2578D02F007952C8;
			productRefGroup = 47E2A1A52578D02F007952C8 /* Products */;
			projectDirPath = "";
			projectRoot = "";
			targets = (
				47E2A1A32578D02F007952C8 /* SwiftUI-Weather */,
			);
		};
/* End PBXProject section */

/* Begin PBXResourcesBuildPhase section */
		47E2A1A22578D02F007952C8 /* Resources */ = {
			isa = PBXResourcesBuildPhase;
			buildActionMask = 2147483647;
			files = (
				4769CBC0257BE3DE0082DF2F /* rainbowlake.jpg in Resources */,
				4769CBBB257BE3DE0082DF2F /* twinlake.jpg in Resources */,
				4769CBC2257BE3DE0082DF2F /* umbagog.jpg in Resources */,
				4769CBB8257BE3DE0082DF2F /* stmarylake.jpg in Resources */,
				4769CBBC257BE3DE0082DF2F /* turtlerock.jpg in Resources */,
				47E2A1AF2578D031007952C8 /* Preview Assets.xcassets in Resources */,
				4769CBBF257BE3DE0082DF2F /* yukon_charleyrivers.jpg in Resources */,
				4769CBC1257BE3DE0082DF2F /* chincoteague.jpg in Resources */,
				4769CBB9257BE3DE0082DF2F /* lakemcdonald.jpg in Resources */,
				4769CBBD257BE3DE0082DF2F /* landmarkData.json in Resources */,
				4769CBBA257BE3DE0082DF2F /* chilkoottrail.jpg in Resources */,
				4769CBC3257BE3DE0082DF2F /* silversalmoncreek.jpg in Resources */,
				4769CBBE257BE3DE0082DF2F /* icybay.jpg in Resources */,
				4769CBC4257BE3DE0082DF2F /* hiddenlake.jpg in Resources */,
				47E2A1AC2578D031007952C8 /* Assets.xcassets in Resources */,
			);
			runOnlyForDeploymentPostprocessing = 0;
		};
/* End PBXResourcesBuildPhase section */

/* Begin PBXSourcesBuildPhase section */
		47E2A1A02578D02F007952C8 /* Sources */ = {
			isa = PBXSourcesBuildPhase;
			buildActionMask = 2147483647;
			files = (
				4769CBA2257BDCD90082DF2F /* MapView.swift in Sources */,
				4718704F257AAD4600CDC923 /* Weather.swift in Sources */,
				47E2A1AA2578D02F007952C8 /* ContentView.swift in Sources */,
				4769CBCF257BE4BD0082DF2F /* LandMark.swift in Sources */,
				47E2A1A82578D02F007952C8 /* SwiftUI_WeatherApp.swift in Sources */,
				4769CB9C257BD7F00082DF2F /* LandMarkDetail.swift in Sources */,
				4718704B257AA63900CDC923 /* WeatherButton.swift in Sources */,
				4769CB9F257BDB480082DF2F /* CircleImage.swift in Sources */,
				4769CBCB257BE49D0082DF2F /* Data.swift in Sources */,
			);
			runOnlyForDeploymentPostprocessing = 0;
		};
/* End PBXSourcesBuildPhase section */

/* Begin XCBuildConfiguration section */
		47E2A1B12578D031007952C8 /* Debug */ = {
			isa = XCBuildConfiguration;
			buildSettings = {
				ALWAYS_SEARCH_USER_PATHS = NO;
				CLANG_ANALYZER_NONNULL = YES;
				CLANG_ANALYZER_NUMBER_OBJECT_CONVERSION = YES_AGGRESSIVE;
				CLANG_CXX_LANGUAGE_STANDARD = "gnu++14";
				CLANG_CXX_LIBRARY = "libc++";
				CLANG_ENABLE_MODULES = YES;
				CLANG_ENABLE_OBJC_ARC = YES;
				CLANG_ENABLE_OBJC_WEAK = YES;
				CLANG_WARN_BLOCK_CAPTURE_AUTORELEASING = YES;
				CLANG_WARN_BOOL_CONVERSION = YES;
				CLANG_WARN_COMMA = YES;
				CLANG_WARN_CONSTANT_CONVERSION = YES;
				CLANG_WARN_DEPRECATED_OBJC_IMPLEMENTATIONS = YES;
				CLANG_WARN_DIRECT_OBJC_ISA_USAGE = YES_ERROR;
				CLANG_WARN_DOCUMENTATION_COMMENTS = YES;
				CLANG_WARN_EMPTY_BODY = YES;
				CLANG_WARN_ENUM_CONVERSION = YES;
				CLANG_WARN_INFINITE_RECURSION = YES;
				CLANG_WARN_INT_CONVERSION = YES;
				CLANG_WARN_NON_LITERAL_NULL_CONVERSION = YES;
				CLANG_WARN_OBJC_IMPLICIT_RETAIN_SELF = YES;
				CLANG_WARN_OBJC_LITERAL_CONVERSION = YES;
				CLANG_WARN_OBJC_ROOT_CLASS = YES_ERROR;
				CLANG_WARN_QUOTED_INCLUDE_IN_FRAMEWORK_HEADER = YES;
				CLANG_WARN_RANGE_LOOP_ANALYSIS = YES;
				CLANG_WARN_STRICT_PROTOTYPES = YES;
				CLANG_WARN_SUSPICIOUS_MOVE = YES;
				CLANG_WARN_UNGUARDED_AVAILABILITY = YES_AGGRESSIVE;
				CLANG_WARN_UNREACHABLE_CODE = YES;
				CLANG_WARN__DUPLICATE_METHOD_MATCH = YES;
				COPY_PHASE_STRIP = NO;
				DEBUG_INFORMATION_FORMAT = dwarf;
				ENABLE_STRICT_OBJC_MSGSEND = YES;
				ENABLE_TESTABILITY = YES;
				GCC_C_LANGUAGE_STANDARD = gnu11;
				GCC_DYNAMIC_NO_PIC = NO;
				GCC_NO_COMMON_BLOCKS = YES;
				GCC_OPTIMIZATION_LEVEL = 0;
				GCC_PREPROCESSOR_DEFINITIONS = (
					"DEBUG=1",
					"$(inherited)",
				);
				GCC_WARN_64_TO_32_BIT_CONVERSION = YES;
				GCC_WARN_ABOUT_RETURN_TYPE = YES_ERROR;
				GCC_WARN_UNDECLARED_SELECTOR = YES;
				GCC_WARN_UNINITIALIZED_AUTOS = YES_AGGRESSIVE;
				GCC_WARN_UNUSED_FUNCTION = YES;
				GCC_WARN_UNUSED_VARIABLE = YES;
				IPHONEOS_DEPLOYMENT_TARGET = 14.2;
				MTL_ENABLE_DEBUG_INFO = INCLUDE_SOURCE;
				MTL_FAST_MATH = YES;
				ONLY_ACTIVE_ARCH = YES;
				SDKROOT = iphoneos;
				SWIFT_ACTIVE_COMPILATION_CONDITIONS = DEBUG;
				SWIFT_OPTIMIZATION_LEVEL = "-Onone";
			};
			name = Debug;
		};
		47E2A1B22578D031007952C8 /* Release */ = {
			isa = XCBuildConfiguration;
			buildSettings = {
				ALWAYS_SEARCH_USER_PATHS = NO;
				CLANG_ANALYZER_NONNULL = YES;
				CLANG_ANALYZER_NUMBER_OBJECT_CONVERSION = YES_AGGRESSIVE;
				CLANG_CXX_LANGUAGE_STANDARD = "gnu++14";
				CLANG_CXX_LIBRARY = "libc++";
				CLANG_ENABLE_MODULES = YES;
				CLANG_ENABLE_OBJC_ARC = YES;
				CLANG_ENABLE_OBJC_WEAK = YES;
				CLANG_WARN_BLOCK_CAPTURE_AUTORELEASING = YES;
				CLANG_WARN_BOOL_CONVERSION = YES;
				CLANG_WARN_COMMA = YES;
				CLANG_WARN_CONSTANT_CONVERSION = YES;
				CLANG_WARN_DEPRECATED_OBJC_IMPLEMENTATIONS = YES;
				CLANG_WARN_DIRECT_OBJC_ISA_USAGE = YES_ERROR;
				CLANG_WARN_DOCUMENTATION_COMMENTS = YES;
				CLANG_WARN_EMPTY_BODY = YES;
				CLANG_WARN_ENUM_CONVERSION = YES;
				CLANG_WARN_INFINITE_RECURSION = YES;
				CLANG_WARN_INT_CONVERSION = YES;
				CLANG_WARN_NON_LITERAL_NULL_CONVERSION = YES;
				CLANG_WARN_OBJC_IMPLICIT_RETAIN_SELF = YES;
				CLANG_WARN_OBJC_LITERAL_CONVERSION = YES;
				CLANG_WARN_OBJC_ROOT_CLASS = YES_ERROR;
				CLANG_WARN_QUOTED_INCLUDE_IN_FRAMEWORK_HEADER = YES;
				CLANG_WARN_RANGE_LOOP_ANALYSIS = YES;
				CLANG_WARN_STRICT_PROTOTYPES = YES;
				CLANG_WARN_SUSPICIOUS_MOVE = YES;
				CLANG_WARN_UNGUARDED_AVAILABILITY = YES_AGGRESSIVE;
				CLANG_WARN_UNREACHABLE_CODE = YES;
				CLANG_WARN__DUPLICATE_METHOD_MATCH = YES;
				COPY_PHASE_STRIP = NO;
				DEBUG_INFORMATION_FORMAT = "dwarf-with-dsym";
				ENABLE_NS_ASSERTIONS = NO;
				ENABLE_STRICT_OBJC_MSGSEND = YES;
				GCC_C_LANGUAGE_STANDARD = gnu11;
				GCC_NO_COMMON_BLOCKS = YES;
				GCC_WARN_64_TO_32_BIT_CONVERSION = YES;
				GCC_WARN_ABOUT_RETURN_TYPE = YES_ERROR;
				GCC_WARN_UNDECLARED_SELECTOR = YES;
				GCC_WARN_UNINITIALIZED_AUTOS = YES_AGGRESSIVE;
				GCC_WARN_UNUSED_FUNCTION = YES;
				GCC_WARN_UNUSED_VARIABLE = YES;
				IPHONEOS_DEPLOYMENT_TARGET = 14.2;
				MTL_ENABLE_DEBUG_INFO = NO;
				MTL_FAST_MATH = YES;
				SDKROOT = iphoneos;
				SWIFT_COMPILATION_MODE = wholemodule;
				SWIFT_OPTIMIZATION_LEVEL = "-O";
				VALIDATE_PRODUCT = YES;
			};
			name = Release;
		};
		47E2A1B42578D031007952C8 /* Debug */ = {
			isa = XCBuildConfiguration;
			buildSettings = {
				ASSETCATALOG_COMPILER_APPICON_NAME = AppIcon;
				ASSETCATALOG_COMPILER_GLOBAL_ACCENT_COLOR_NAME = AccentColor;
				CODE_SIGN_STYLE = Automatic;
				DEVELOPMENT_ASSET_PATHS = "\"SwiftUI-Weather/Preview Content\"";
				DEVELOPMENT_TEAM = 7BXSU3YQGA;
				ENABLE_PREVIEWS = YES;
				INFOPLIST_FILE = "SwiftUI-Weather/Info.plist";
				IPHONEOS_DEPLOYMENT_TARGET = 14.0;
				LD_RUNPATH_SEARCH_PATHS = (
					"$(inherited)",
					"@executable_path/Frameworks",
				);
				PRODUCT_BUNDLE_IDENTIFIER = "com.castleCode.SwiftUI-Weather";
				PRODUCT_NAME = "$(TARGET_NAME)";
				SWIFT_VERSION = 5.0;
				TARGETED_DEVICE_FAMILY = "1,2";
			};
			name = Debug;
		};
		47E2A1B52578D031007952C8 /* Release */ = {
			isa = XCBuildConfiguration;
			buildSettings = {
				ASSETCATALOG_COMPILER_APPICON_NAME = AppIcon;
				ASSETCATALOG_COMPILER_GLOBAL_ACCENT_COLOR_NAME = AccentColor;
				CODE_SIGN_STYLE = Automatic;
				DEVELOPMENT_ASSET_PATHS = "\"SwiftUI-Weather/Preview Content\"";
				DEVELOPMENT_TEAM = 7BXSU3YQGA;
				ENABLE_PREVIEWS = YES;
				INFOPLIST_FILE = "SwiftUI-Weather/Info.plist";
				IPHONEOS_DEPLOYMENT_TARGET = 14.0;
				LD_RUNPATH_SEARCH_PATHS = (
					"$(inherited)",
					"@executable_path/Frameworks",
				);
				PRODUCT_BUNDLE_IDENTIFIER = "com.castleCode.SwiftUI-Weather";
				PRODUCT_NAME = "$(TARGET_NAME)";
				SWIFT_VERSION = 5.0;
				TARGETED_DEVICE_FAMILY = "1,2";
			};
			name = Release;
		};
/* End XCBuildConfiguration section */

/* Begin XCConfigurationList section */
		47E2A19F2578D02F007952C8 /* Build configuration list for PBXProject "SwiftUI-Weather" */ = {
			isa = XCConfigurationList;
			buildConfigurations = (
				47E2A1B12578D031007952C8 /* Debug */,
				47E2A1B22578D031007952C8 /* Release */,
			);
			defaultConfigurationIsVisible = 0;
			defaultConfigurationName = Release;
		};
		47E2A1B32578D031007952C8 /* Build configuration list for PBXNativeTarget "SwiftUI-Weather" */ = {
			isa = XCConfigurationList;
			buildConfigurations = (
				47E2A1B42578D031007952C8 /* Debug */,
				47E2A1B52578D031007952C8 /* Release */,
			);
			defaultConfigurationIsVisible = 0;
			defaultConfigurationName = Release;
		};
/* End XCConfigurationList section */
	};
	rootObject = 47E2A19C2578D02F007952C8 /* Project object */;
}
